// !$*UTF8*$!
{
	archiveVersion = 1;
	classes = {
	};
	objectVersion = 46;
	objects = {

/* Begin PBXBuildFile section */
		D724992A1C55FC3800E9C302 /* main.m in Sources */ = {isa = PBXBuildFile; fileRef = D72499291C55FC3800E9C302 /* main.m */; };
		D724992D1C55FC3800E9C302 /* AppDelegate.m in Sources */ = {isa = PBXBuildFile; fileRef = D724992C1C55FC3800E9C302 /* AppDelegate.m */; };
		D72499301C55FC3800E9C302 /* ViewController.m in Sources */ = {isa = PBXBuildFile; fileRef = D724992F1C55FC3800E9C302 /* ViewController.m */; };
		D72499331C55FC3800E9C302 /* Main.storyboard in Resources */ = {isa = PBXBuildFile; fileRef = D72499311C55FC3800E9C302 /* Main.storyboard */; };
		D72499351C55FC3800E9C302 /* Assets.xcassets in Resources */ = {isa = PBXBuildFile; fileRef = D72499341C55FC3800E9C302 /* Assets.xcassets */; };
		D72499381C55FC3800E9C302 /* LaunchScreen.storyboard in Resources */ = {isa = PBXBuildFile; fileRef = D72499361C55FC3800E9C302 /* LaunchScreen.storyboard */; };
		D72499431C55FC3800E9C302 /* YouGouTests.m in Sources */ = {isa = PBXBuildFile; fileRef = D72499421C55FC3800E9C302 /* YouGouTests.m */; };
		D724994E1C55FC3800E9C302 /* YouGouUITests.m in Sources */ = {isa = PBXBuildFile; fileRef = D724994D1C55FC3800E9C302 /* YouGouUITests.m */; };
/* End PBXBuildFile section */

/* Begin PBXContainerItemProxy section */
		D724993F1C55FC3800E9C302 /* PBXContainerItemProxy */ = {
			isa = PBXContainerItemProxy;
			containerPortal = D724991D1C55FC3800E9C302 /* Project object */;
			proxyType = 1;
			remoteGlobalIDString = D72499241C55FC3800E9C302;
			remoteInfo = YouGou;
		};
		D724994A1C55FC3800E9C302 /* PBXContainerItemProxy */ = {
			isa = PBXContainerItemProxy;
			containerPortal = D724991D1C55FC3800E9C302 /* Project object */;
			proxyType = 1;
			remoteGlobalIDString = D72499241C55FC3800E9C302;
			remoteInfo = YouGou;
		};
/* End PBXContainerItemProxy section */

/* Begin PBXFileReference section */
		D72499251C55FC3800E9C302 /* YouGou.app */ = {isa = PBXFileReference; explicitFileType = wrapper.application; includeInIndex = 0; path = YouGou.app; sourceTree = BUILT_PRODUCTS_DIR; };
		D72499291C55FC3800E9C302 /* main.m */ = {isa = PBXFileReference; lastKnownFileType = sourcecode.c.objc; path = main.m; sourceTree = "<group>"; };
		D724992B1C55FC3800E9C302 /* AppDelegate.h */ = {isa = PBXFileReference; lastKnownFileType = sourcecode.c.h; path = AppDelegate.h; sourceTree = "<group>"; };
		D724992C1C55FC3800E9C302 /* AppDelegate.m */ = {isa = PBXFileReference; lastKnownFileType = sourcecode.c.objc; path = AppDelegate.m; sourceTree = "<group>"; };
		D724992E1C55FC3800E9C302 /* ViewController.h */ = {isa = PBXFileReference; lastKnownFileType = sourcecode.c.h; path = ViewController.h; sourceTree = "<group>"; };
		D724992F1C55FC3800E9C302 /* ViewController.m */ = {isa = PBXFileReference; lastKnownFileType = sourcecode.c.objc; path = ViewController.m; sourceTree = "<group>"; };
		D72499321C55FC3800E9C302 /* Base */ = {isa = PBXFileReference; lastKnownFileType = file.storyboard; name = Base; path = Base.lproj/Main.storyboard; sourceTree = "<group>"; };
		D72499341C55FC3800E9C302 /* Assets.xcassets */ = {isa = PBXFileReference; lastKnownFileType = folder.assetcatalog; path = Assets.xcassets; sourceTree = "<group>"; };
		D72499371C55FC3800E9C302 /* Base */ = {isa = PBXFileReference; lastKnownFileType = file.storyboard; name = Base; path = Base.lproj/LaunchScreen.storyboard; sourceTree = "<group>"; };
		D72499391C55FC3800E9C302 /* Info.plist */ = {isa = PBXFileReference; lastKnownFileType = text.plist.xml; path = Info.plist; sourceTree = "<group>"; };
		D724993E1C55FC3800E9C302 /* YouGouTests.xctest */ = {isa = PBXFileReference; explicitFileType = wrapper.cfbundle; includeInIndex = 0; path = YouGouTests.xctest; sourceTree = BUILT_PRODUCTS_DIR; };
		D72499421C55FC3800E9C302 /* YouGouTests.m */ = {isa = PBXFileReference; lastKnownFileType = sourcecode.c.objc; path = YouGouTests.m; sourceTree = "<group>"; };
		D72499441C55FC3800E9C302 /* Info.plist */ = {isa = PBXFileReference; lastKnownFileType = text.plist.xml; path = Info.plist; sourceTree = "<group>"; };
		D72499491C55FC3800E9C302 /* YouGouUITests.xctest */ = {isa = PBXFileReference; explicitFileType = wrapper.cfbundle; includeInIndex = 0; path = YouGouUITests.xctest; sourceTree = BUILT_PRODUCTS_DIR; };
		D724994D1C55FC3800E9C302 /* YouGouUITests.m */ = {isa = PBXFileReference; lastKnownFileType = sourcecode.c.objc; path = YouGouUITests.m; sourceTree = "<group>"; };
		D724994F1C55FC3800E9C302 /* Info.plist */ = {isa = PBXFileReference; lastKnownFileType = text.plist.xml; path = Info.plist; sourceTree = "<group>"; };
/* End PBXFileReference section */

/* Begin PBXFrameworksBuildPhase section */
		D72499221C55FC3800E9C302 /* Frameworks */ = {
			isa = PBXFrameworksBuildPhase;
			buildActionMask = 2147483647;
			files = (
			);
			runOnlyForDeploymentPostprocessing = 0;
		};
		D724993B1C55FC3800E9C302 /* Frameworks */ = {
			isa = PBXFrameworksBuildPhase;
			buildActionMask = 2147483647;
			files = (
			);
			runOnlyForDeploymentPostprocessing = 0;
		};
		D72499461C55FC3800E9C302 /* Frameworks */ = {
			isa = PBXFrameworksBuildPhase;
			buildActionMask = 2147483647;
			files = (
			);
			runOnlyForDeploymentPostprocessing = 0;
		};
/* End PBXFrameworksBuildPhase section */

/* Begin PBXGroup section */
		D724991C1C55FC3800E9C302 = {
			isa = PBXGroup;
			children = (
				D72499271C55FC3800E9C302 /* YouGou */,
				D72499411C55FC3800E9C302 /* YouGouTests */,
				D724994C1C55FC3800E9C302 /* YouGouUITests */,
				D72499261C55FC3800E9C302 /* Products */,
			);
			sourceTree = "<group>";
		};
		D72499261C55FC3800E9C302 /* Products */ = {
			isa = PBXGroup;
			children = (
				D72499251C55FC3800E9C302 /* YouGou.app */,
				D724993E1C55FC3800E9C302 /* YouGouTests.xctest */,
				D72499491C55FC3800E9C302 /* YouGouUITests.xctest */,
			);
			name = Products;
			sourceTree = "<group>";
		};
		D72499271C55FC3800E9C302 /* YouGou */ = {
			isa = PBXGroup;
			children = (
				D724992B1C55FC3800E9C302 /* AppDelegate.h */,
				D724992C1C55FC3800E9C302 /* AppDelegate.m */,
				D724992E1C55FC3800E9C302 /* ViewController.h */,
				D724992F1C55FC3800E9C302 /* ViewController.m */,
				D72499311C55FC3800E9C302 /* Main.storyboard */,
				D72499341C55FC3800E9C302 /* Assets.xcassets */,
				D72499361C55FC3800E9C302 /* LaunchScreen.storyboard */,
				D72499391C55FC3800E9C302 /* Info.plist */,
				D72499281C55FC3800E9C302 /* Supporting Files */,
			);
			path = YouGou;
			sourceTree = "<group>";
		};
		D72499281C55FC3800E9C302 /* Supporting Files */ = {
			isa = PBXGroup;
			children = (
				D72499291C55FC3800E9C302 /* main.m */,
			);
			name = "Supporting Files";
			sourceTree = "<group>";
		};
		D72499411C55FC3800E9C302 /* YouGouTests */ = {
			isa = PBXGroup;
			children = (
				D72499421C55FC3800E9C302 /* YouGouTests.m */,
				D72499441C55FC3800E9C302 /* Info.plist */,
			);
			path = YouGouTests;
			sourceTree = "<group>";
		};
		D724994C1C55FC3800E9C302 /* YouGouUITests */ = {
			isa = PBXGroup;
			children = (
				D724994D1C55FC3800E9C302 /* YouGouUITests.m */,
				D724994F1C55FC3800E9C302 /* Info.plist */,
			);
			path = YouGouUITests;
			sourceTree = "<group>";
		};
/* End PBXGroup section */

/* Begin PBXNativeTarget section */
		D72499241C55FC3800E9C302 /* YouGou */ = {
			isa = PBXNativeTarget;
			buildConfigurationList = D72499521C55FC3800E9C302 /* Build configuration list for PBXNativeTarget "YouGou" */;
			buildPhases = (
				D72499211C55FC3800E9C302 /* Sources */,
				D72499221C55FC3800E9C302 /* Frameworks */,
				D72499231C55FC3800E9C302 /* Resources */,
			);
			buildRules = (
			);
			dependencies = (
			);
			name = YouGou;
			productName = YouGou;
			productReference = D72499251C55FC3800E9C302 /* YouGou.app */;
			productType = "com.apple.product-type.application";
		};
		D724993D1C55FC3800E9C302 /* YouGouTests */ = {
			isa = PBXNativeTarget;
			buildConfigurationList = D72499551C55FC3800E9C302 /* Build configuration list for PBXNativeTarget "YouGouTests" */;
			buildPhases = (
				D724993A1C55FC3800E9C302 /* Sources */,
				D724993B1C55FC3800E9C302 /* Frameworks */,
				D724993C1C55FC3800E9C302 /* Resources */,
			);
			buildRules = (
			);
			dependencies = (
				D72499401C55FC3800E9C302 /* PBXTargetDependency */,
			);
			name = YouGouTests;
			productName = YouGouTests;
			productReference = D724993E1C55FC3800E9C302 /* YouGouTests.xctest */;
			productType = "com.apple.product-type.bundle.unit-test";
		};
		D72499481C55FC3800E9C302 /* YouGouUITests */ = {
			isa = PBXNativeTarget;
			buildConfigurationList = D72499581C55FC3800E9C302 /* Build configuration list for PBXNativeTarget "YouGouUITests" */;
			buildPhases = (
				D72499451C55FC3800E9C302 /* Sources */,
				D72499461C55FC3800E9C302 /* Frameworks */,
				D72499471C55FC3800E9C302 /* Resources */,
			);
			buildRules = (
			);
			dependencies = (
				D724994B1C55FC3800E9C302 /* PBXTargetDependency */,
			);
			name = YouGouUITests;
			productName = YouGouUITests;
			productReference = D72499491C55FC3800E9C302 /* YouGouUITests.xctest */;
			productType = "com.apple.product-type.bundle.ui-testing";
		};
/* End PBXNativeTarget section */

/* Begin PBXProject section */
		D724991D1C55FC3800E9C302 /* Project object */ = {
			isa = PBXProject;
			attributes = {
				LastUpgradeCheck = 0720;
				ORGANIZATIONNAME = merlin;
				TargetAttributes = {
					D72499241C55FC3800E9C302 = {
						CreatedOnToolsVersion = 7.2;
					};
					D724993D1C55FC3800E9C302 = {
						CreatedOnToolsVersion = 7.2;
						TestTargetID = D72499241C55FC3800E9C302;
					};
					D72499481C55FC3800E9C302 = {
						CreatedOnToolsVersion = 7.2;
						TestTargetID = D72499241C55FC3800E9C302;
					};
				};
			};
			buildConfigurationList = D72499201C55FC3800E9C302 /* Build configuration list for PBXProject "YouGou" */;
			compatibilityVersion = "Xcode 3.2";
			developmentRegion = English;
			hasScannedForEncodings = 0;
			knownRegions = (
				en,
				Base,
			);
			mainGroup = D724991C1C55FC3800E9C302;
			productRefGroup = D72499261C55FC3800E9C302 /* Products */;
			projectDirPath = "";
			projectRoot = "";
			targets = (
				D72499241C55FC3800E9C302 /* YouGou */,
				D724993D1C55FC3800E9C302 /* YouGouTests */,
				D72499481C55FC3800E9C302 /* YouGouUITests */,
			);
		};
/* End PBXProject section */

/* Begin PBXResourcesBuildPhase section */
		D72499231C55FC3800E9C302 /* Resources */ = {
			isa = PBXResourcesBuildPhase;
			buildActionMask = 2147483647;
			files = (
				D72499381C55FC3800E9C302 /* LaunchScreen.storyboard in Resources */,
				D72499351C55FC3800E9C302 /* Assets.xcassets in Resources */,
				D72499331C55FC3800E9C302 /* Main.storyboard in Resources */,
			);
			runOnlyForDeploymentPostprocessing = 0;
		};
		D724993C1C55FC3800E9C302 /* Resources */ = {
			isa = PBXResourcesBuildPhase;
			buildActionMask = 2147483647;
			files = (
			);
			runOnlyForDeploymentPostprocessing = 0;
		};
		D72499471C55FC3800E9C302 /* Resources */ = {
			isa = PBXResourcesBuildPhase;
			buildActionMask = 2147483647;
			files = (
			);
			runOnlyForDeploymentPostprocessing = 0;
		};
/* End PBXResourcesBuildPhase section */

/* Begin PBXSourcesBuildPhase section */
		D72499211C55FC3800E9C302 /* Sources */ = {
			isa = PBXSourcesBuildPhase;
			buildActionMask = 2147483647;
			files = (
				D72499301C55FC3800E9C302 /* ViewController.m in Sources */,
				D724992D1C55FC3800E9C302 /* AppDelegate.m in Sources */,
				D724992A1C55FC3800E9C302 /* main.m in Sources */,
			);
			runOnlyForDeploymentPostprocessing = 0;
		};
		D724993A1C55FC3800E9C302 /* Sources */ = {
			isa = PBXSourcesBuildPhase;
			buildActionMask = 2147483647;
			files = (
				D72499431C55FC3800E9C302 /* YouGouTests.m in Sources */,
			);
			runOnlyForDeploymentPostprocessing = 0;
		};
		D72499451C55FC3800E9C302 /* Sources */ = {
			isa = PBXSourcesBuildPhase;
			buildActionMask = 2147483647;
			files = (
				D724994E1C55FC3800E9C302 /* YouGouUITests.m in Sources */,
			);
			runOnlyForDeploymentPostprocessing = 0;
		};
/* End PBXSourcesBuildPhase section */

/* Begin PBXTargetDependency section */
		D72499401C55FC3800E9C302 /* PBXTargetDependency */ = {
			isa = PBXTargetDependency;
			target = D72499241C55FC3800E9C302 /* YouGou */;
			targetProxy = D724993F1C55FC3800E9C302 /* PBXContainerItemProxy */;
		};
		D724994B1C55FC3800E9C302 /* PBXTargetDependency */ = {
			isa = PBXTargetDependency;
			target = D72499241C55FC3800E9C302 /* YouGou */;
			targetProxy = D724994A1C55FC3800E9C302 /* PBXContainerItemProxy */;
		};
/* End PBXTargetDependency section */

/* Begin PBXVariantGroup section */
		D72499311C55FC3800E9C302 /* Main.storyboard */ = {
			isa = PBXVariantGroup;
			children = (
				D72499321C55FC3800E9C302 /* Base */,
			);
			name = Main.storyboard;
			sourceTree = "<group>";
		};
		D72499361C55FC3800E9C302 /* LaunchScreen.storyboard */ = {
			isa = PBXVariantGroup;
			children = (
				D72499371C55FC3800E9C302 /* Base */,
			);
			name = LaunchScreen.storyboard;
			sourceTree = "<group>";
		};
/* End PBXVariantGroup section */

/* Begin XCBuildConfiguration section */
		D72499501C55FC3800E9C302 /* Debug */ = {
			isa = XCBuildConfiguration;
			buildSettings = {
				ALWAYS_SEARCH_USER_PATHS = NO;
				CLANG_CXX_LANGUAGE_STANDARD = "gnu++0x";
				CLANG_CXX_LIBRARY = "libc++";
				CLANG_ENABLE_MODULES = YES;
				CLANG_ENABLE_OBJC_ARC = YES;
				CLANG_WARN_BOOL_CONVERSION = YES;
				CLANG_WARN_CONSTANT_CONVERSION = YES;
				CLANG_WARN_DIRECT_OBJC_ISA_USAGE = YES_ERROR;
				CLANG_WARN_EMPTY_BODY = YES;
				CLANG_WARN_ENUM_CONVERSION = YES;
				CLANG_WARN_INT_CONVERSION = YES;
				CLANG_WARN_OBJC_ROOT_CLASS = YES_ERROR;
				CLANG_WARN_UNREACHABLE_CODE = YES;
				CLANG_WARN__DUPLICATE_METHOD_MATCH = YES;
				"CODE_SIGN_IDENTITY[sdk=iphoneos*]" = "iPhone Developer";
				COPY_PHASE_STRIP = NO;
				DEBUG_INFORMATION_FORMAT = dwarf;
				ENABLE_STRICT_OBJC_MSGSEND = YES;
				ENABLE_TESTABILITY = YES;
				GCC_C_LANGUAGE_STANDARD = gnu99;
				GCC_DYNAMIC_NO_PIC = NO;
				GCC_NO_COMMON_BLOCKS = YES;
				GCC_OPTIMIZATION_LEVEL = 0;
				GCC_PREPROCESSOR_DEFINITIONS = (
					"DEBUG=1",
					"$(inherited)",
				);
				GCC_WARN_64_TO_32_BIT_CONVERSION = YES;
				GCC_WARN_ABOUT_RETURN_TYPE = YES_ERROR;
				GCC_WARN_UNDECLARED_SELECTOR = YES;
				GCC_WARN_UNINITIALIZED_AUTOS = YES_AGGRESSIVE;
				GCC_WARN_UNUSED_FUNCTION = YES;
				GCC_WARN_UNUSED_VARIABLE = YES;
				IPHONEOS_DEPLOYMENT_TARGET = 9.2;
				MTL_ENABLE_DEBUG_INFO = YES;
				ONLY_ACTIVE_ARCH = YES;
				SDKROOT = iphoneos;
				TARGETED_DEVICE_FAMILY = "1,2";
			};
			name = Debug;
		};
		D72499511C55FC3800E9C302 /* Release */ = {
			isa = XCBuildConfiguration;
			buildSettings = {
				ALWAYS_SEARCH_USER_PATHS = NO;
				CLANG_CXX_LANGUAGE_STANDARD = "gnu++0x";
				CLANG_CXX_LIBRARY = "libc++";
				CLANG_ENABLE_MODULES = YES;
				CLANG_ENABLE_OBJC_ARC = YES;
				CLANG_WARN_BOOL_CONVERSION = YES;
				CLANG_WARN_CONSTANT_CONVERSION = YES;
				CLANG_WARN_DIRECT_OBJC_ISA_USAGE = YES_ERROR;
				CLANG_WARN_EMPTY_BODY = YES;
				CLANG_WARN_ENUM_CONVERSION = YES;
				CLANG_WARN_INT_CONVERSION = YES;
				CLANG_WARN_OBJC_ROOT_CLASS = YES_ERROR;
				CLANG_WARN_UNREACHABLE_CODE = YES;
				CLANG_WARN__DUPLICATE_METHOD_MATCH = YES;
				"CODE_SIGN_IDENTITY[sdk=iphoneos*]" = "iPhone Developer";
				COPY_PHASE_STRIP = NO;
				DEBUG_INFORMATION_FORMAT = "dwarf-with-dsym";
				ENABLE_NS_ASSERTIONS = NO;
				ENABLE_STRICT_OBJC_MSGSEND = YES;
				GCC_C_LANGUAGE_STANDARD = gnu99;
				GCC_NO_COMMON_BLOCKS = YES;
				GCC_WARN_64_TO_32_BIT_CONVERSION = YES;
				GCC_WARN_ABOUT_RETURN_TYPE = YES_ERROR;
				GCC_WARN_UNDECLARED_SELECTOR = YES;
				GCC_WARN_UNINITIALIZED_AUTOS = YES_AGGRESSIVE;
				GCC_WARN_UNUSED_FUNCTION = YES;
				GCC_WARN_UNUSED_VARIABLE = YES;
				IPHONEOS_DEPLOYMENT_TARGET = 9.2;
				MTL_ENABLE_DEBUG_INFO = NO;
				SDKROOT = iphoneos;
				TARGETED_DEVICE_FAMILY = "1,2";
				VALIDATE_PRODUCT = YES;
			};
			name = Release;
		};
		D72499531C55FC3800E9C302 /* Debug */ = {
			isa = XCBuildConfiguration;
			buildSettings = {
				ASSETCATALOG_COMPILER_APPICON_NAME = AppIcon;
				INFOPLIST_FILE = YouGou/Info.plist;
				LD_RUNPATH_SEARCH_PATHS = "$(inherited) @executable_path/Frameworks";
				PRODUCT_BUNDLE_IDENTIFIER = yougou.YouGou;
				PRODUCT_NAME = "$(TARGET_NAME)";
			};
			name = Debug;
		};
		D72499541C55FC3800E9C302 /* Release */ = {
			isa = XCBuildConfiguration;
			buildSettings = {
				ASSETCATALOG_COMPILER_APPICON_NAME = AppIcon;
				INFOPLIST_FILE = YouGou/Info.plist;
				LD_RUNPATH_SEARCH_PATHS = "$(inherited) @executable_path/Frameworks";
				PRODUCT_BUNDLE_IDENTIFIER = yougou.YouGou;
				PRODUCT_NAME = "$(TARGET_NAME)";
			};
			name = Release;
		};
		D72499561C55FC3800E9C302 /* Debug */ = {
			isa = XCBuildConfiguration;
			buildSettings = {
				BUNDLE_LOADER = "$(TEST_HOST)";
				INFOPLIST_FILE = YouGouTests/Info.plist;
				LD_RUNPATH_SEARCH_PATHS = "$(inherited) @executable_path/Frameworks @loader_path/Frameworks";
				PRODUCT_BUNDLE_IDENTIFIER = yougou.YouGouTests;
				PRODUCT_NAME = "$(TARGET_NAME)";
				TEST_HOST = "$(BUILT_PRODUCTS_DIR)/YouGou.app/YouGou";
			};
			name = Debug;
		};
		D72499571C55FC3800E9C302 /* Release */ = {
			isa = XCBuildConfiguration;
			buildSettings = {
				BUNDLE_LOADER = "$(TEST_HOST)";
				INFOPLIST_FILE = YouGouTests/Info.plist;
				LD_RUNPATH_SEARCH_PATHS = "$(inherited) @executable_path/Frameworks @loader_path/Frameworks";
				PRODUCT_BUNDLE_IDENTIFIER = yougou.YouGouTests;
				PRODUCT_NAME = "$(TARGET_NAME)";
				TEST_HOST = "$(BUILT_PRODUCTS_DIR)/YouGou.app/YouGou";
			};
			name = Release;
		};
		D72499591C55FC3800E9C302 /* Debug */ = {
			isa = XCBuildConfiguration;
			buildSettings = {
				INFOPLIST_FILE = YouGouUITests/Info.plist;
				LD_RUNPATH_SEARCH_PATHS = "$(inherited) @executable_path/Frameworks @loader_path/Frameworks";
				PRODUCT_BUNDLE_IDENTIFIER = yougou.YouGouUITests;
				PRODUCT_NAME = "$(TARGET_NAME)";
				TEST_TARGET_NAME = YouGou;
				USES_XCTRUNNER = YES;
			};
			name = Debug;
		};
		D724995A1C55FC3800E9C302 /* Release */ = {
			isa = XCBuildConfiguration;
			buildSettings = {
				INFOPLIST_FILE = YouGouUITests/Info.plist;
				LD_RUNPATH_SEARCH_PATHS = "$(inherited) @executable_path/Frameworks @loader_path/Frameworks";
				PRODUCT_BUNDLE_IDENTIFIER = yougou.YouGouUITests;
				PRODUCT_NAME = "$(TARGET_NAME)";
				TEST_TARGET_NAME = YouGou;
				USES_XCTRUNNER = YES;
			};
			name = Release;
		};
/* End XCBuildConfiguration section */

/* Begin XCConfigurationList section */
		D72499201C55FC3800E9C302 /* Build configuration list for PBXProject "YouGou" */ = {
			isa = XCConfigurationList;
			buildConfigurations = (
				D72499501C55FC3800E9C302 /* Debug */,
				D72499511C55FC3800E9C302 /* Release */,
			);
			defaultConfigurationIsVisible = 0;
			defaultConfigurationName = Release;
		};
		D72499521C55FC3800E9C302 /* Build configuration list for PBXNativeTarget "YouGou" */ = {
			isa = XCConfigurationList;
			buildConfigurations = (
				D72499531C55FC3800E9C302 /* Debug */,
				D72499541C55FC3800E9C302 /* Release */,
			);
			defaultConfigurationIsVisible = 0;
		};
		D72499551C55FC3800E9C302 /* Build configuration list for PBXNativeTarget "YouGouTests" */ = {
			isa = XCConfigurationList;
			buildConfigurations = (
				D72499561C55FC3800E9C302 /* Debug */,
				D72499571C55FC3800E9C302 /* Release */,
			);
			defaultConfigurationIsVisible = 0;
		};
		D72499581C55FC3800E9C302 /* Build configuration list for PBXNativeTarget "YouGouUITests" */ = {
			isa = XCConfigurationList;
			buildConfigurations = (
				D72499591C55FC3800E9C302 /* Debug */,
				D724995A1C55FC3800E9C302 /* Release */,
			);
			defaultConfigurationIsVisible = 0;
		};
/* End XCConfigurationList section */
	};
	rootObject = D724991D1C55FC3800E9C302 /* Project object */;
}
